
Microsoft Visual Studio Solution File, Format Version 11.00
# Visual Studio 2010
Project("{FAE04EC0-301F-11D3-BF4B-00C04F79EFBC}") = "Unity Playground", "Assembly-CSharp.csproj", "{8CAFC3D3-9615-7416-EABE-1632A8DA517D}"
EndProject
Global
	GlobalSection(SolutionConfigurationPlatforms) = preSolution
		Debug|Any CPU = Debug|Any CPU
		Release|Any CPU = Release|Any CPU
	EndGlobalSection
	GlobalSection(ProjectConfigurationPlatforms) = postSolution
		{8CAFC3D3-9615-7416-EABE-1632A8DA517D}.Debug|Any CPU.ActiveCfg = Debug|Any CPU
		{8CAFC3D3-9615-7416-EABE-1632A8DA517D}.Debug|Any CPU.Build.0 = Debug|Any CPU
		{8CAFC3D3-9615-7416-EABE-1632A8DA517D}.Release|Any CPU.ActiveCfg = Release|Any CPU
		{8CAFC3D3-9615-7416-EABE-1632A8DA517D}.Release|Any CPU.Build.0 = Release|Any CPU
	EndGlobalSection
	GlobalSection(SolutionProperties) = preSolution
		HideSolutionNode = FALSE
	EndGlobalSection
	GlobalSection(MonoDevelopProperties) = preSolution
		StartupItem = Assembly-CSharp.csproj
	EndGlobalSection
EndGlobal
